
Microsoft Visual Studio Solution File, Format Version 12.00
# Visual Studio 2013
VisualStudioVersion = 12.0.30501.0
MinimumVisualStudioVersion = 10.0.40219.1
Project("{FAE04EC0-301F-11D3-BF4B-00C04F79EFBC}") = "MsgReader", "MsgReader\MsgReader.csproj", "{883D8C6E-2BEC-4C67-80B0-56E54A9FB214}"
EndProject
Project("{FAE04EC0-301F-11D3-BF4B-00C04F79EFBC}") = "MsgViewer", "MsgViewer\MsgViewer.csproj", "{0EAB7816-7958-41D7-8713-E410C5403A6C}"
EndProject
Project("{2150E333-8FDC-42A3-9474-1A3956D46DE8}") = ".nuget", ".nuget", "{AD9FAB9E-D932-4B8B-AF2E-19A32AB8160E}"
	ProjectSection(SolutionItems) = preProject
		.nuget\NuGet.Config = .nuget\NuGet.Config
		.nuget\NuGet.exe = .nuget\NuGet.exe
		.nuget\NuGet.targets = .nuget\NuGet.targets
	EndProjectSection
EndProject
Project("{FAE04EC0-301F-11D3-BF4B-00C04F79EFBC}") = "MsgMapper", "MsgMapper\MsgMapper.csproj", "{EF251C67-3321-4B93-B9D8-1D14745F0F40}"
EndProject
Project("{2150E333-8FDC-42A3-9474-1A3956D46DE8}") = "_license_", "_license_", "{FC31472D-4342-43A9-BAE5-6EDA86BE646B}"
	ProjectSection(SolutionItems) = preProject
		license.txt = license.txt
	EndProjectSection
EndProject
Project("{2150E333-8FDC-42A3-9474-1A3956D46DE8}") = "Solution Items", "Solution Items", "{E69D5913-31D6-4695-B599-4998163F92E2}"
	ProjectSection(SolutionItems) = preProject
		README.md = README.md
	EndProjectSection
EndProject
Project("{FAE04EC0-301F-11D3-BF4B-00C04F79EFBC}") = "Ex15_Authentication_CS", "Exchange 2013 Authenticate with EWS\C#\Ex15_Authentication_CS\Ex15_Authentication_CS.csproj", "{9E50BA8E-305C-4C20-81E6-19FFD3D0BE5B}"
EndProject
Project("{FAE04EC0-301F-11D3-BF4B-00C04F79EFBC}") = "ExchangeAuthUnitTest", "ExchangeAuthUnitTest\ExchangeAuthUnitTest.csproj", "{7B7C2D30-E0DD-4223-8E01-C84138E360D4}"
EndProject
Project("{FAE04EC0-301F-11D3-BF4B-00C04F79EFBC}") = "SharpUtils", "SharpUtils\SharpUtils.csproj", "{3FF8DFFD-E194-4196-857E-9569BE33406A}"
EndProject
Project("{FAE04EC0-301F-11D3-BF4B-00C04F79EFBC}") = "Ex15_SendBatchEmail_CS", "Exchange 2013 Send batch emails programmatically on Exchange servers\C#\Ex15_SendBatchEmail_CS\Ex15_SendBatchEmail_CS.csproj", "{22886835-85E6-47F0-B29B-94C19C24D43F}"
EndProject
Project("{FAE04EC0-301F-11D3-BF4B-00C04F79EFBC}") = "EWSConnectionTest3_5_Embedded", "EWSConnectionTest\EWSConnectionTest3_5_Embedded.csproj", "{F201145F-137B-49D8-BA8F-6A9B8589ADFF}"
EndProject
Global
	GlobalSection(SolutionConfigurationPlatforms) = preSolution
		Debug|Any CPU = Debug|Any CPU
		Debug|Mixed Platforms = Debug|Mixed Platforms
		Debug|x86 = Debug|x86
		Release|Any CPU = Release|Any CPU
		Release|Mixed Platforms = Release|Mixed Platforms
		Release|x86 = Release|x86
	EndGlobalSection
	GlobalSection(ProjectConfigurationPlatforms) = postSolution
		{883D8C6E-2BEC-4C67-80B0-56E54A9FB214}.Debug|Any CPU.ActiveCfg = Debug|Any CPU
		{883D8C6E-2BEC-4C67-80B0-56E54A9FB214}.Debug|Any CPU.Build.0 = Debug|Any CPU
		{883D8C6E-2BEC-4C67-80B0-56E54A9FB214}.Debug|Mixed Platforms.ActiveCfg = Debug|Any CPU
		{883D8C6E-2BEC-4C67-80B0-56E54A9FB214}.Debug|Mixed Platforms.Build.0 = Debug|Any CPU
		{883D8C6E-2BEC-4C67-80B0-56E54A9FB214}.Debug|x86.ActiveCfg = Debug|Any CPU
		{883D8C6E-2BEC-4C67-80B0-56E54A9FB214}.Release|Any CPU.ActiveCfg = Release|Any CPU
		{883D8C6E-2BEC-4C67-80B0-56E54A9FB214}.Release|Any CPU.Build.0 = Release|Any CPU
		{883D8C6E-2BEC-4C67-80B0-56E54A9FB214}.Release|Mixed Platforms.ActiveCfg = Release|Any CPU
		{883D8C6E-2BEC-4C67-80B0-56E54A9FB214}.Release|Mixed Platforms.Build.0 = Release|Any CPU
		{883D8C6E-2BEC-4C67-80B0-56E54A9FB214}.Release|x86.ActiveCfg = Release|Any CPU
		{0EAB7816-7958-41D7-8713-E410C5403A6C}.Debug|Any CPU.ActiveCfg = Debug|x86
		{0EAB7816-7958-41D7-8713-E410C5403A6C}.Debug|Any CPU.Build.0 = Debug|x86
		{0EAB7816-7958-41D7-8713-E410C5403A6C}.Debug|Mixed Platforms.ActiveCfg = Debug|x86
		{0EAB7816-7958-41D7-8713-E410C5403A6C}.Debug|Mixed Platforms.Build.0 = Debug|x86
		{0EAB7816-7958-41D7-8713-E410C5403A6C}.Debug|x86.ActiveCfg = Debug|x86
		{0EAB7816-7958-41D7-8713-E410C5403A6C}.Debug|x86.Build.0 = Debug|x86
		{0EAB7816-7958-41D7-8713-E410C5403A6C}.Release|Any CPU.ActiveCfg = Release|x86
		{0EAB7816-7958-41D7-8713-E410C5403A6C}.Release|Any CPU.Build.0 = Release|x86
		{0EAB7816-7958-41D7-8713-E410C5403A6C}.Release|Mixed Platforms.ActiveCfg = Release|x86
		{0EAB7816-7958-41D7-8713-E410C5403A6C}.Release|Mixed Platforms.Build.0 = Release|x86
		{0EAB7816-7958-41D7-8713-E410C5403A6C}.Release|x86.ActiveCfg = Release|x86
		{0EAB7816-7958-41D7-8713-E410C5403A6C}.Release|x86.Build.0 = Release|x86
		{EF251C67-3321-4B93-B9D8-1D14745F0F40}.Debug|Any CPU.ActiveCfg = Debug|Any CPU
		{EF251C67-3321-4B93-B9D8-1D14745F0F40}.Debug|Any CPU.Build.0 = Debug|Any CPU
		{EF251C67-3321-4B93-B9D8-1D14745F0F40}.Debug|Mixed Platforms.ActiveCfg = Debug|Any CPU
		{EF251C67-3321-4B93-B9D8-1D14745F0F40}.Debug|Mixed Platforms.Build.0 = Debug|Any CPU
		{EF251C67-3321-4B93-B9D8-1D14745F0F40}.Debug|x86.ActiveCfg = Debug|Any CPU
		{EF251C67-3321-4B93-B9D8-1D14745F0F40}.Release|Any CPU.ActiveCfg = Release|Any CPU
		{EF251C67-3321-4B93-B9D8-1D14745F0F40}.Release|Any CPU.Build.0 = Release|Any CPU
		{EF251C67-3321-4B93-B9D8-1D14745F0F40}.Release|Mixed Platforms.ActiveCfg = Release|Any CPU
		{EF251C67-3321-4B93-B9D8-1D14745F0F40}.Release|Mixed Platforms.Build.0 = Release|Any CPU
		{EF251C67-3321-4B93-B9D8-1D14745F0F40}.Release|x86.ActiveCfg = Release|Any CPU
		{9E50BA8E-305C-4C20-81E6-19FFD3D0BE5B}.Debug|Any CPU.ActiveCfg = Debug|Any CPU
		{9E50BA8E-305C-4C20-81E6-19FFD3D0BE5B}.Debug|Any CPU.Build.0 = Debug|Any CPU
		{9E50BA8E-305C-4C20-81E6-19FFD3D0BE5B}.Debug|Mixed Platforms.ActiveCfg = Debug|Any CPU
		{9E50BA8E-305C-4C20-81E6-19FFD3D0BE5B}.Debug|Mixed Platforms.Build.0 = Debug|Any CPU
		{9E50BA8E-305C-4C20-81E6-19FFD3D0BE5B}.Debug|x86.ActiveCfg = Debug|Any CPU
		{9E50BA8E-305C-4C20-81E6-19FFD3D0BE5B}.Release|Any CPU.ActiveCfg = Release|Any CPU
		{9E50BA8E-305C-4C20-81E6-19FFD3D0BE5B}.Release|Any CPU.Build.0 = Release|Any CPU
		{9E50BA8E-305C-4C20-81E6-19FFD3D0BE5B}.Release|Mixed Platforms.ActiveCfg = Release|Any CPU
		{9E50BA8E-305C-4C20-81E6-19FFD3D0BE5B}.Release|Mixed Platforms.Build.0 = Release|Any CPU
		{9E50BA8E-305C-4C20-81E6-19FFD3D0BE5B}.Release|x86.ActiveCfg = Release|Any CPU
		{7B7C2D30-E0DD-4223-8E01-C84138E360D4}.Debug|Any CPU.ActiveCfg = Debug|Any CPU
		{7B7C2D30-E0DD-4223-8E01-C84138E360D4}.Debug|Any CPU.Build.0 = Debug|Any CPU
		{7B7C2D30-E0DD-4223-8E01-C84138E360D4}.Debug|Mixed Platforms.ActiveCfg = Debug|Any CPU
		{7B7C2D30-E0DD-4223-8E01-C84138E360D4}.Debug|Mixed Platforms.Build.0 = Debug|Any CPU
		{7B7C2D30-E0DD-4223-8E01-C84138E360D4}.Debug|x86.ActiveCfg = Debug|Any CPU
		{7B7C2D30-E0DD-4223-8E01-C84138E360D4}.Release|Any CPU.ActiveCfg = Release|Any CPU
		{7B7C2D30-E0DD-4223-8E01-C84138E360D4}.Release|Any CPU.Build.0 = Release|Any CPU
		{7B7C2D30-E0DD-4223-8E01-C84138E360D4}.Release|Mixed Platforms.ActiveCfg = Release|Any CPU
		{7B7C2D30-E0DD-4223-8E01-C84138E360D4}.Release|Mixed Platforms.Build.0 = Release|Any CPU
		{7B7C2D30-E0DD-4223-8E01-C84138E360D4}.Release|x86.ActiveCfg = Release|Any CPU
		{3FF8DFFD-E194-4196-857E-9569BE33406A}.Debug|Any CPU.ActiveCfg = Debug|Any CPU
		{3FF8DFFD-E194-4196-857E-9569BE33406A}.Debug|Any CPU.Build.0 = Debug|Any CPU
		{3FF8DFFD-E194-4196-857E-9569BE33406A}.Debug|Mixed Platforms.ActiveCfg = Debug|Any CPU
		{3FF8DFFD-E194-4196-857E-9569BE33406A}.Debug|Mixed Platforms.Build.0 = Debug|Any CPU
		{3FF8DFFD-E194-4196-857E-9569BE33406A}.Debug|x86.ActiveCfg = Debug|Any CPU
		{3FF8DFFD-E194-4196-857E-9569BE33406A}.Release|Any CPU.ActiveCfg = Release|Any CPU
		{3FF8DFFD-E194-4196-857E-9569BE33406A}.Release|Any CPU.Build.0 = Release|Any CPU
		{3FF8DFFD-E194-4196-857E-9569BE33406A}.Release|Mixed Platforms.ActiveCfg = Release|Any CPU
		{3FF8DFFD-E194-4196-857E-9569BE33406A}.Release|Mixed Platforms.Build.0 = Release|Any CPU
		{3FF8DFFD-E194-4196-857E-9569BE33406A}.Release|x86.ActiveCfg = Release|Any CPU
		{22886835-85E6-47F0-B29B-94C19C24D43F}.Debug|Any CPU.ActiveCfg = Debug|x86
		{22886835-85E6-47F0-B29B-94C19C24D43F}.Debug|Mixed Platforms.ActiveCfg = Debug|x86
		{22886835-85E6-47F0-B29B-94C19C24D43F}.Debug|Mixed Platforms.Build.0 = Debug|x86
		{22886835-85E6-47F0-B29B-94C19C24D43F}.Debug|x86.ActiveCfg = Debug|x86
		{22886835-85E6-47F0-B29B-94C19C24D43F}.Debug|x86.Build.0 = Debug|x86
		{22886835-85E6-47F0-B29B-94C19C24D43F}.Release|Any CPU.ActiveCfg = Release|x86
		{22886835-85E6-47F0-B29B-94C19C24D43F}.Release|Mixed Platforms.ActiveCfg = Release|x86
		{22886835-85E6-47F0-B29B-94C19C24D43F}.Release|Mixed Platforms.Build.0 = Release|x86
		{22886835-85E6-47F0-B29B-94C19C24D43F}.Release|x86.ActiveCfg = Release|x86
		{22886835-85E6-47F0-B29B-94C19C24D43F}.Release|x86.Build.0 = Release|x86
		{F201145F-137B-49D8-BA8F-6A9B8589ADFF}.Debug|Any CPU.ActiveCfg = Debug|Any CPU
		{F201145F-137B-49D8-BA8F-6A9B8589ADFF}.Debug|Any CPU.Build.0 = Debug|Any CPU
		{F201145F-137B-49D8-BA8F-6A9B8589ADFF}.Debug|Mixed Platforms.ActiveCfg = Debug|Any CPU
		{F201145F-137B-49D8-BA8F-6A9B8589ADFF}.Debug|Mixed Platforms.Build.0 = Debug|Any CPU
		{F201145F-137B-49D8-BA8F-6A9B8589ADFF}.Debug|x86.ActiveCfg = Debug|Any CPU
		{F201145F-137B-49D8-BA8F-6A9B8589ADFF}.Release|Any CPU.ActiveCfg = Release|Any CPU
		{F201145F-137B-49D8-BA8F-6A9B8589ADFF}.Release|Any CPU.Build.0 = Release|Any CPU
		{F201145F-137B-49D8-BA8F-6A9B8589ADFF}.Release|Mixed Platforms.ActiveCfg = Release|Any CPU
		{F201145F-137B-49D8-BA8F-6A9B8589ADFF}.Release|Mixed Platforms.Build.0 = Release|Any CPU
		{F201145F-137B-49D8-BA8F-6A9B8589ADFF}.Release|x86.ActiveCfg = Release|Any CPU
	EndGlobalSection
	GlobalSection(SolutionProperties) = preSolution
		HideSolutionNode = FALSE
	EndGlobalSection
EndGlobal
